
Microsoft Visual Studio Solution File, Format Version 12.00
# Visual Studio Version 17
VisualStudioVersion = 17.2.32616.157
MinimumVisualStudioVersion = 10.0.40219.1
Project("{9A19103F-16F7-4668-BE54-9A1E7A4F7556}") = "PhoenixToolkits.CodeAnalysis", "PhoenixToolkits.CodeAnalysis\PhoenixToolkits.CodeAnalysis\PhoenixToolkits.CodeAnalysis.csproj", "{C8D73593-46D7-4B95-A656-B178BDD442EA}"
EndProject
Project("{9A19103F-16F7-4668-BE54-9A1E7A4F7556}") = "PhoenixToolkits.CodeAnalysis.CodeFixes", "PhoenixToolkits.CodeAnalysis\PhoenixToolkits.CodeAnalysis.CodeFixes\PhoenixToolkits.CodeAnalysis.CodeFixes.csproj", "{B8D9DF5C-109C-48EC-A71C-C0B2E8D2C8B6}"
EndProject
Project("{9A19103F-16F7-4668-BE54-9A1E7A4F7556}") = "PhoenixToolkits.CodeAnalysis.Package", "PhoenixToolkits.CodeAnalysis\PhoenixToolkits.CodeAnalysis.Package\PhoenixToolkits.CodeAnalysis.Package.csproj", "{D15F8FE1-9213-4F1B-BCD7-FE0CC981F965}"
EndProject
Project("{9A19103F-16F7-4668-BE54-9A1E7A4F7556}") = "PhoenixToolkits.CodeAnalysis.Test", "PhoenixToolkits.CodeAnalysis\PhoenixToolkits.CodeAnalysis.Test\PhoenixToolkits.CodeAnalysis.Test.csproj", "{9837CBED-D8C8-4DB0-988F-52B76AF827B3}"
EndProject
Project("{9A19103F-16F7-4668-BE54-9A1E7A4F7556}") = "PhoenixToolkits.CodeAnalysis.Vsix", "PhoenixToolkits.CodeAnalysis\PhoenixToolkits.CodeAnalysis.Vsix\PhoenixToolkits.CodeAnalysis.Vsix.csproj", "{7782CCA5-1EB7-4E2C-897B-C8F2B47DEDF4}"
EndProject
Project("{2150E333-8FDC-42A3-9474-1A3956D46DE8}") = "Solution Items", "Solution Items", "{0491D741-11D0-424C-B4C9-1F5E1285C23D}"
	ProjectSection(SolutionItems) = preProject
		.editorconfig = .editorconfig
	EndProjectSection
EndProject
Global
	GlobalSection(SolutionConfigurationPlatforms) = preSolution
		Debug|Any CPU = Debug|Any CPU
		Release|Any CPU = Release|Any CPU
	EndGlobalSection
	GlobalSection(ProjectConfigurationPlatforms) = postSolution
		{C8D73593-46D7-4B95-A656-B178BDD442EA}.Debug|Any CPU.ActiveCfg = Debug|Any CPU
		{C8D73593-46D7-4B95-A656-B178BDD442EA}.Debug|Any CPU.Build.0 = Debug|Any CPU
		{C8D73593-46D7-4B95-A656-B178BDD442EA}.Release|Any CPU.ActiveCfg = Release|Any CPU
		{C8D73593-46D7-4B95-A656-B178BDD442EA}.Release|Any CPU.Build.0 = Release|Any CPU
		{B8D9DF5C-109C-48EC-A71C-C0B2E8D2C8B6}.Debug|Any CPU.ActiveCfg = Debug|Any CPU
		{B8D9DF5C-109C-48EC-A71C-C0B2E8D2C8B6}.Debug|Any CPU.Build.0 = Debug|Any CPU
		{B8D9DF5C-109C-48EC-A71C-C0B2E8D2C8B6}.Release|Any CPU.ActiveCfg = Release|Any CPU
		{B8D9DF5C-109C-48EC-A71C-C0B2E8D2C8B6}.Release|Any CPU.Build.0 = Release|Any CPU
		{D15F8FE1-9213-4F1B-BCD7-FE0CC981F965}.Debug|Any CPU.ActiveCfg = Debug|Any CPU
		{D15F8FE1-9213-4F1B-BCD7-FE0CC981F965}.Debug|Any CPU.Build.0 = Debug|Any CPU
		{D15F8FE1-9213-4F1B-BCD7-FE0CC981F965}.Release|Any CPU.ActiveCfg = Release|Any CPU
		{D15F8FE1-9213-4F1B-BCD7-FE0CC981F965}.Release|Any CPU.Build.0 = Release|Any CPU
		{9837CBED-D8C8-4DB0-988F-52B76AF827B3}.Debug|Any CPU.ActiveCfg = Debug|Any CPU
		{9837CBED-D8C8-4DB0-988F-52B76AF827B3}.Debug|Any CPU.Build.0 = Debug|Any CPU
		{9837CBED-D8C8-4DB0-988F-52B76AF827B3}.Release|Any CPU.ActiveCfg = Release|Any CPU
		{9837CBED-D8C8-4DB0-988F-52B76AF827B3}.Release|Any CPU.Build.0 = Release|Any CPU
		{7782CCA5-1EB7-4E2C-897B-C8F2B47DEDF4}.Debug|Any CPU.ActiveCfg = Debug|Any CPU
		{7782CCA5-1EB7-4E2C-897B-C8F2B47DEDF4}.Debug|Any CPU.Build.0 = Debug|Any CPU
		{7782CCA5-1EB7-4E2C-897B-C8F2B47DEDF4}.Release|Any CPU.ActiveCfg = Release|Any CPU
		{7782CCA5-1EB7-4E2C-897B-C8F2B47DEDF4}.Release|Any CPU.Build.0 = Release|Any CPU
	EndGlobalSection
	GlobalSection(SolutionProperties) = preSolution
		HideSolutionNode = FALSE
	EndGlobalSection
	GlobalSection(ExtensibilityGlobals) = postSolution
		SolutionGuid = {1C2718F8-CE96-4CC2-8153-9E1510B5BD0F}
	EndGlobalSection
EndGlobal
